
Microsoft Visual Studio Solution File, Format Version 12.00
# Visual Studio Version 16
VisualStudioVersion = 16.0.29613.14
MinimumVisualStudioVersion = 10.0.40219.1
Project("{9092AA53-FB77-4645-B42D-1CCCA6BD08BD}") = "CookieClickerExtra", "CookieClickerExtra\CookieClickerExtra.njsproj", "{F7BC4EF5-7D16-43B8-92CB-BB0850B45023}"
EndProject
Global
	GlobalSection(SolutionConfigurationPlatforms) = preSolution
		Debug|Any CPU = Debug|Any CPU
		Release|Any CPU = Release|Any CPU
	EndGlobalSection
	GlobalSection(ProjectConfigurationPlatforms) = postSolution
		{F7BC4EF5-7D16-43B8-92CB-BB0850B45023}.Debug|Any CPU.ActiveCfg = Debug|Any CPU
		{F7BC4EF5-7D16-43B8-92CB-BB0850B45023}.Debug|Any CPU.Build.0 = Debug|Any CPU
		{F7BC4EF5-7D16-43B8-92CB-BB0850B45023}.Release|Any CPU.ActiveCfg = Release|Any CPU
		{F7BC4EF5-7D16-43B8-92CB-BB0850B45023}.Release|Any CPU.Build.0 = Release|Any CPU
	EndGlobalSection
	GlobalSection(SolutionProperties) = preSolution
		HideSolutionNode = FALSE
	EndGlobalSection
	GlobalSection(ExtensibilityGlobals) = postSolution
		SolutionGuid = {C3475A7E-B4EB-41C6-885E-CBE43E81978D}
	EndGlobalSection
EndGlobal
